{
  "name": "graphql-query-path-contains",
  "version": "1.0.1",
  "lockfileVersion": 1,
  "requires": true,
  "dependencies": {
    "graphql-query-path": {
      "version": "1.1.0",
      "resolved": "https://registry.npmjs.org/graphql-query-path/-/graphql-query-path-1.1.0.tgz",
      "integrity": "sha512-PKS0Ido2vBOGHAylx4dRCU2eilVgS1yU9zpODwytcMzuzmYTe+fpEZvo2siMzF/zY6hK1+aSLWuykG1HutCHcw==",
      "requires": {
        "picomatch": "^2.0.7"
      },
      "dependencies": {
        "picomatch": {
          "version": "2.0.7",
          "resolved": "https://registry.npmjs.org/picomatch/-/picomatch-2.0.7.tgz",
          "integrity": "sha512-oLHIdio3tZ0qH76NybpeneBhYVj0QFTfXEFTc/B3zKQspYfYYkWYgFsmzo+4kvId/bQRcNkVeguI3y+CD22BtA=="
        }
      }
    }
  }
}
